// !$*UTF8*$!
{
	archiveVersion = 1;
	classes = {
	};
	objectVersion = 52;
	objects = {

/* Begin PBXBuildFile section */
		DF03F9F024B32ED000F5444C /* CoreDataStack.swift in Sources */ = {isa = PBXBuildFile; fileRef = DF03F9EF24B32ED000F5444C /* CoreDataStack.swift */; };
		DF03F9F324B330EC00F5444C /* RandomUser.swift in Sources */ = {isa = PBXBuildFile; fileRef = DF03F9F224B330EC00F5444C /* RandomUser.swift */; };
		DF03F9F824B331ED00F5444C /* CDRandomUser.swift in Sources */ = {isa = PBXBuildFile; fileRef = DF03F9F724B331ED00F5444C /* CDRandomUser.swift */; };
		DF03F9FA24B3320500F5444C /* Convertible.swift in Sources */ = {isa = PBXBuildFile; fileRef = DF03F9F924B3320500F5444C /* Convertible.swift */; };
		DF03F9FC24B3326100F5444C /* RandomUserDTO.swift in Sources */ = {isa = PBXBuildFile; fileRef = DF03F9FB24B3326100F5444C /* RandomUserDTO.swift */; };
		DF6E284B24B32ACF00C6EDE2 /* AppDelegate.swift in Sources */ = {isa = PBXBuildFile; fileRef = DF6E284A24B32ACF00C6EDE2 /* AppDelegate.swift */; };
		DF6E284D24B32ACF00C6EDE2 /* SceneDelegate.swift in Sources */ = {isa = PBXBuildFile; fileRef = DF6E284C24B32ACF00C6EDE2 /* SceneDelegate.swift */; };
		DF6E284F24B32ACF00C6EDE2 /* RandomUserListViewController.swift in Sources */ = {isa = PBXBuildFile; fileRef = DF6E284E24B32ACF00C6EDE2 /* RandomUserListViewController.swift */; };
		DF6E285224B32ACF00C6EDE2 /* Main.storyboard in Resources */ = {isa = PBXBuildFile; fileRef = DF6E285024B32ACF00C6EDE2 /* Main.storyboard */; };
		DF6E285524B32ACF00C6EDE2 /* RandomUserChallenge.xcdatamodeld in Sources */ = {isa = PBXBuildFile; fileRef = DF6E285324B32ACF00C6EDE2 /* RandomUserChallenge.xcdatamodeld */; };
		DF6E285724B32AD000C6EDE2 /* Assets.xcassets in Resources */ = {isa = PBXBuildFile; fileRef = DF6E285624B32AD000C6EDE2 /* Assets.xcassets */; };
		DF6E285A24B32AD000C6EDE2 /* LaunchScreen.storyboard in Resources */ = {isa = PBXBuildFile; fileRef = DF6E285824B32AD000C6EDE2 /* LaunchScreen.storyboard */; };
		DF6E286524B32AD000C6EDE2 /* RandomUserChallengeTests.swift in Sources */ = {isa = PBXBuildFile; fileRef = DF6E286424B32AD000C6EDE2 /* RandomUserChallengeTests.swift */; };
		DF6E287024B32AD000C6EDE2 /* RandomUserChallengeUITests.swift in Sources */ = {isa = PBXBuildFile; fileRef = DF6E286F24B32AD000C6EDE2 /* RandomUserChallengeUITests.swift */; };
		DF82DB1F24B34C42002B2BE6 /* RxSwift in Frameworks */ = {isa = PBXBuildFile; productRef = DF82DB1E24B34C42002B2BE6 /* RxSwift */; };
		DF82DB2124B34D76002B2BE6 /* APIClient.swift in Sources */ = {isa = PBXBuildFile; fileRef = DF82DB2024B34D76002B2BE6 /* APIClient.swift */; };
		DF82DB2324B350A4002B2BE6 /* CacheClientType.swift in Sources */ = {isa = PBXBuildFile; fileRef = DF82DB2224B350A4002B2BE6 /* CacheClientType.swift */; };
		DF82DB2524B350D5002B2BE6 /* CoreDataClient.swift in Sources */ = {isa = PBXBuildFile; fileRef = DF82DB2424B350D5002B2BE6 /* CoreDataClient.swift */; };
		DF82DB2824B3522E002B2BE6 /* Observable+Extensions.swift in Sources */ = {isa = PBXBuildFile; fileRef = DF82DB2724B3522E002B2BE6 /* Observable+Extensions.swift */; };
		DF82DB2A24B35664002B2BE6 /* RandomUserAPIDataSource.swift in Sources */ = {isa = PBXBuildFile; fileRef = DF82DB2924B35664002B2BE6 /* RandomUserAPIDataSource.swift */; };
		DF82DB2C24B35674002B2BE6 /* RandomUserCacheDataSource.swift in Sources */ = {isa = PBXBuildFile; fileRef = DF82DB2B24B35674002B2BE6 /* RandomUserCacheDataSource.swift */; };
		DF82DB2E24B3572A002B2BE6 /* Constants.swift in Sources */ = {isa = PBXBuildFile; fileRef = DF82DB2D24B3572A002B2BE6 /* Constants.swift */; };
		DFD3270A24B35BFF00D4C82A /* RandomUserRepositoryType.swift in Sources */ = {isa = PBXBuildFile; fileRef = DFD3270924B35BFF00D4C82A /* RandomUserRepositoryType.swift */; };
		DFD3270C24B35C9200D4C82A /* RandomUserRepository.swift in Sources */ = {isa = PBXBuildFile; fileRef = DFD3270B24B35C9200D4C82A /* RandomUserRepository.swift */; };
		DFD3270E24B361A700D4C82A /* GetUsersUseCase.swift in Sources */ = {isa = PBXBuildFile; fileRef = DFD3270D24B361A700D4C82A /* GetUsersUseCase.swift */; };
		DFD3271024B361B400D4C82A /* DeleteUserUseCase.swift in Sources */ = {isa = PBXBuildFile; fileRef = DFD3270F24B361B400D4C82A /* DeleteUserUseCase.swift */; };
/* End PBXBuildFile section */

/* Begin PBXContainerItemProxy section */
		DF6E286124B32AD000C6EDE2 /* PBXContainerItemProxy */ = {
			isa = PBXContainerItemProxy;
			containerPortal = DF6E283F24B32ACF00C6EDE2 /* Project object */;
			proxyType = 1;
			remoteGlobalIDString = DF6E284624B32ACF00C6EDE2;
			remoteInfo = RandomUserChallenge;
		};
		DF6E286C24B32AD000C6EDE2 /* PBXContainerItemProxy */ = {
			isa = PBXContainerItemProxy;
			containerPortal = DF6E283F24B32ACF00C6EDE2 /* Project object */;
			proxyType = 1;
			remoteGlobalIDString = DF6E284624B32ACF00C6EDE2;
			remoteInfo = RandomUserChallenge;
		};
/* End PBXContainerItemProxy section */

/* Begin PBXFileReference section */
		DF03F9EF24B32ED000F5444C /* CoreDataStack.swift */ = {isa = PBXFileReference; lastKnownFileType = sourcecode.swift; path = CoreDataStack.swift; sourceTree = "<group>"; };
		DF03F9F224B330EC00F5444C /* RandomUser.swift */ = {isa = PBXFileReference; lastKnownFileType = sourcecode.swift; path = RandomUser.swift; sourceTree = "<group>"; };
		DF03F9F724B331ED00F5444C /* CDRandomUser.swift */ = {isa = PBXFileReference; lastKnownFileType = sourcecode.swift; path = CDRandomUser.swift; sourceTree = "<group>"; };
		DF03F9F924B3320500F5444C /* Convertible.swift */ = {isa = PBXFileReference; lastKnownFileType = sourcecode.swift; path = Convertible.swift; sourceTree = "<group>"; };
		DF03F9FB24B3326100F5444C /* RandomUserDTO.swift */ = {isa = PBXFileReference; lastKnownFileType = sourcecode.swift; path = RandomUserDTO.swift; sourceTree = "<group>"; };
		DF6E284724B32ACF00C6EDE2 /* RandomUserChallenge.app */ = {isa = PBXFileReference; explicitFileType = wrapper.application; includeInIndex = 0; path = RandomUserChallenge.app; sourceTree = BUILT_PRODUCTS_DIR; };
		DF6E284A24B32ACF00C6EDE2 /* AppDelegate.swift */ = {isa = PBXFileReference; lastKnownFileType = sourcecode.swift; path = AppDelegate.swift; sourceTree = "<group>"; };
		DF6E284C24B32ACF00C6EDE2 /* SceneDelegate.swift */ = {isa = PBXFileReference; lastKnownFileType = sourcecode.swift; path = SceneDelegate.swift; sourceTree = "<group>"; };
		DF6E284E24B32ACF00C6EDE2 /* RandomUserListViewController.swift */ = {isa = PBXFileReference; lastKnownFileType = sourcecode.swift; path = RandomUserListViewController.swift; sourceTree = "<group>"; };
		DF6E285124B32ACF00C6EDE2 /* Base */ = {isa = PBXFileReference; lastKnownFileType = file.storyboard; name = Base; path = Base.lproj/Main.storyboard; sourceTree = "<group>"; };
		DF6E285424B32ACF00C6EDE2 /* RandomUserChallenge.xcdatamodel */ = {isa = PBXFileReference; lastKnownFileType = wrapper.xcdatamodel; path = RandomUserChallenge.xcdatamodel; sourceTree = "<group>"; };
		DF6E285624B32AD000C6EDE2 /* Assets.xcassets */ = {isa = PBXFileReference; lastKnownFileType = folder.assetcatalog; path = Assets.xcassets; sourceTree = "<group>"; };
		DF6E285924B32AD000C6EDE2 /* Base */ = {isa = PBXFileReference; lastKnownFileType = file.storyboard; name = Base; path = Base.lproj/LaunchScreen.storyboard; sourceTree = "<group>"; };
		DF6E285B24B32AD000C6EDE2 /* Info.plist */ = {isa = PBXFileReference; lastKnownFileType = text.plist.xml; path = Info.plist; sourceTree = "<group>"; };
		DF6E286024B32AD000C6EDE2 /* RandomUserChallengeTests.xctest */ = {isa = PBXFileReference; explicitFileType = wrapper.cfbundle; includeInIndex = 0; path = RandomUserChallengeTests.xctest; sourceTree = BUILT_PRODUCTS_DIR; };
		DF6E286424B32AD000C6EDE2 /* RandomUserChallengeTests.swift */ = {isa = PBXFileReference; lastKnownFileType = sourcecode.swift; path = RandomUserChallengeTests.swift; sourceTree = "<group>"; };
		DF6E286624B32AD000C6EDE2 /* Info.plist */ = {isa = PBXFileReference; lastKnownFileType = text.plist.xml; path = Info.plist; sourceTree = "<group>"; };
		DF6E286B24B32AD000C6EDE2 /* RandomUserChallengeUITests.xctest */ = {isa = PBXFileReference; explicitFileType = wrapper.cfbundle; includeInIndex = 0; path = RandomUserChallengeUITests.xctest; sourceTree = BUILT_PRODUCTS_DIR; };
		DF6E286F24B32AD000C6EDE2 /* RandomUserChallengeUITests.swift */ = {isa = PBXFileReference; lastKnownFileType = sourcecode.swift; path = RandomUserChallengeUITests.swift; sourceTree = "<group>"; };
		DF6E287124B32AD000C6EDE2 /* Info.plist */ = {isa = PBXFileReference; lastKnownFileType = text.plist.xml; path = Info.plist; sourceTree = "<group>"; };
		DF82DB2024B34D76002B2BE6 /* APIClient.swift */ = {isa = PBXFileReference; lastKnownFileType = sourcecode.swift; path = APIClient.swift; sourceTree = "<group>"; };
		DF82DB2224B350A4002B2BE6 /* CacheClientType.swift */ = {isa = PBXFileReference; lastKnownFileType = sourcecode.swift; path = CacheClientType.swift; sourceTree = "<group>"; };
		DF82DB2424B350D5002B2BE6 /* CoreDataClient.swift */ = {isa = PBXFileReference; lastKnownFileType = sourcecode.swift; path = CoreDataClient.swift; sourceTree = "<group>"; };
		DF82DB2724B3522E002B2BE6 /* Observable+Extensions.swift */ = {isa = PBXFileReference; lastKnownFileType = sourcecode.swift; path = "Observable+Extensions.swift"; sourceTree = "<group>"; };
		DF82DB2924B35664002B2BE6 /* RandomUserAPIDataSource.swift */ = {isa = PBXFileReference; lastKnownFileType = sourcecode.swift; path = RandomUserAPIDataSource.swift; sourceTree = "<group>"; };
		DF82DB2B24B35674002B2BE6 /* RandomUserCacheDataSource.swift */ = {isa = PBXFileReference; lastKnownFileType = sourcecode.swift; path = RandomUserCacheDataSource.swift; sourceTree = "<group>"; };
		DF82DB2D24B3572A002B2BE6 /* Constants.swift */ = {isa = PBXFileReference; lastKnownFileType = sourcecode.swift; path = Constants.swift; sourceTree = "<group>"; };
		DFD3270924B35BFF00D4C82A /* RandomUserRepositoryType.swift */ = {isa = PBXFileReference; lastKnownFileType = sourcecode.swift; path = RandomUserRepositoryType.swift; sourceTree = "<group>"; };
		DFD3270B24B35C9200D4C82A /* RandomUserRepository.swift */ = {isa = PBXFileReference; lastKnownFileType = sourcecode.swift; path = RandomUserRepository.swift; sourceTree = "<group>"; };
		DFD3270D24B361A700D4C82A /* GetUsersUseCase.swift */ = {isa = PBXFileReference; lastKnownFileType = sourcecode.swift; path = GetUsersUseCase.swift; sourceTree = "<group>"; };
		DFD3270F24B361B400D4C82A /* DeleteUserUseCase.swift */ = {isa = PBXFileReference; lastKnownFileType = sourcecode.swift; path = DeleteUserUseCase.swift; sourceTree = "<group>"; };
/* End PBXFileReference section */

/* Begin PBXFrameworksBuildPhase section */
		DF6E284424B32ACF00C6EDE2 /* Frameworks */ = {
			isa = PBXFrameworksBuildPhase;
			buildActionMask = 2147483647;
			files = (
				DF82DB1F24B34C42002B2BE6 /* RxSwift in Frameworks */,
			);
			runOnlyForDeploymentPostprocessing = 0;
		};
		DF6E285D24B32AD000C6EDE2 /* Frameworks */ = {
			isa = PBXFrameworksBuildPhase;
			buildActionMask = 2147483647;
			files = (
			);
			runOnlyForDeploymentPostprocessing = 0;
		};
		DF6E286824B32AD000C6EDE2 /* Frameworks */ = {
			isa = PBXFrameworksBuildPhase;
			buildActionMask = 2147483647;
			files = (
			);
			runOnlyForDeploymentPostprocessing = 0;
		};
/* End PBXFrameworksBuildPhase section */

/* Begin PBXGroup section */
		DF03F9E724B32D1B00F5444C /* Domain */ = {
			isa = PBXGroup;
			children = (
				DFD3270924B35BFF00D4C82A /* RandomUserRepositoryType.swift */,
				DF03F9EA24B32D6600F5444C /* Entities */,
				DF03F9E924B32D5F00F5444C /* UseCases */,
			);
			path = Domain;
			sourceTree = "<group>";
		};
		DF03F9E824B32D2200F5444C /* Data */ = {
			isa = PBXGroup;
			children = (
				DF03F9ED24B32D8000F5444C /* Repositories */,
				DF03F9EC24B32D7700F5444C /* DataSources */,
				DF03F9EE24B32D8F00F5444C /* Clients */,
				DF03F9EB24B32D6F00F5444C /* Entities */,
				DF03F9F124B330A100F5444C /* Resources */,
				DF82DB2624B35219002B2BE6 /* Extensions */,
			);
			path = Data;
			sourceTree = "<group>";
		};
		DF03F9E924B32D5F00F5444C /* UseCases */ = {
			isa = PBXGroup;
			children = (
				DFD3270D24B361A700D4C82A /* GetUsersUseCase.swift */,
				DFD3270F24B361B400D4C82A /* DeleteUserUseCase.swift */,
			);
			path = UseCases;
			sourceTree = "<group>";
		};
		DF03F9EA24B32D6600F5444C /* Entities */ = {
			isa = PBXGroup;
			children = (
				DF03F9F224B330EC00F5444C /* RandomUser.swift */,
			);
			path = Entities;
			sourceTree = "<group>";
		};
		DF03F9EB24B32D6F00F5444C /* Entities */ = {
			isa = PBXGroup;
			children = (
				DF03F9F924B3320500F5444C /* Convertible.swift */,
				DF03F9F724B331ED00F5444C /* CDRandomUser.swift */,
				DF03F9FB24B3326100F5444C /* RandomUserDTO.swift */,
			);
			path = Entities;
			sourceTree = "<group>";
		};
		DF03F9EC24B32D7700F5444C /* DataSources */ = {
			isa = PBXGroup;
			children = (
				DF82DB2924B35664002B2BE6 /* RandomUserAPIDataSource.swift */,
				DF82DB2B24B35674002B2BE6 /* RandomUserCacheDataSource.swift */,
			);
			path = DataSources;
			sourceTree = "<group>";
		};
		DF03F9ED24B32D8000F5444C /* Repositories */ = {
			isa = PBXGroup;
			children = (
				DFD3270B24B35C9200D4C82A /* RandomUserRepository.swift */,
			);
			path = Repositories;
			sourceTree = "<group>";
		};
		DF03F9EE24B32D8F00F5444C /* Clients */ = {
			isa = PBXGroup;
			children = (
				DF03F9F524B3319F00F5444C /* API */,
				DF03F9F624B331A500F5444C /* Cache */,
			);
			path = Clients;
			sourceTree = "<group>";
		};
		DF03F9F124B330A100F5444C /* Resources */ = {
			isa = PBXGroup;
			children = (
				DF82DB2D24B3572A002B2BE6 /* Constants.swift */,
				DF6E285324B32ACF00C6EDE2 /* RandomUserChallenge.xcdatamodeld */,
				DF03F9EF24B32ED000F5444C /* CoreDataStack.swift */,
			);
			path = Resources;
			sourceTree = "<group>";
		};
		DF03F9F524B3319F00F5444C /* API */ = {
			isa = PBXGroup;
			children = (
				DF82DB2024B34D76002B2BE6 /* APIClient.swift */,
			);
			path = API;
			sourceTree = "<group>";
		};
		DF03F9F624B331A500F5444C /* Cache */ = {
			isa = PBXGroup;
			children = (
				DF82DB2224B350A4002B2BE6 /* CacheClientType.swift */,
				DF82DB2424B350D5002B2BE6 /* CoreDataClient.swift */,
			);
			path = Cache;
			sourceTree = "<group>";
		};
		DF6E283E24B32ACF00C6EDE2 = {
			isa = PBXGroup;
			children = (
				DF6E284924B32ACF00C6EDE2 /* RandomUserChallenge */,
				DF6E286324B32AD000C6EDE2 /* RandomUserChallengeTests */,
				DF6E286E24B32AD000C6EDE2 /* RandomUserChallengeUITests */,
				DF6E284824B32ACF00C6EDE2 /* Products */,
			);
			sourceTree = "<group>";
		};
		DF6E284824B32ACF00C6EDE2 /* Products */ = {
			isa = PBXGroup;
			children = (
				DF6E284724B32ACF00C6EDE2 /* RandomUserChallenge.app */,
				DF6E286024B32AD000C6EDE2 /* RandomUserChallengeTests.xctest */,
				DF6E286B24B32AD000C6EDE2 /* RandomUserChallengeUITests.xctest */,
			);
			name = Products;
			sourceTree = "<group>";
		};
		DF6E284924B32ACF00C6EDE2 /* RandomUserChallenge */ = {
			isa = PBXGroup;
			children = (
				DF6E287D24B32B1700C6EDE2 /* App */,
				DF03F9E824B32D2200F5444C /* Data */,
				DF03F9E724B32D1B00F5444C /* Domain */,
			);
			path = RandomUserChallenge;
			sourceTree = "<group>";
		};
		DF6E286324B32AD000C6EDE2 /* RandomUserChallengeTests */ = {
			isa = PBXGroup;
			children = (
				DF6E286424B32AD000C6EDE2 /* RandomUserChallengeTests.swift */,
				DF6E286624B32AD000C6EDE2 /* Info.plist */,
			);
			path = RandomUserChallengeTests;
			sourceTree = "<group>";
		};
		DF6E286E24B32AD000C6EDE2 /* RandomUserChallengeUITests */ = {
			isa = PBXGroup;
			children = (
				DF6E286F24B32AD000C6EDE2 /* RandomUserChallengeUITests.swift */,
				DF6E287124B32AD000C6EDE2 /* Info.plist */,
			);
			path = RandomUserChallengeUITests;
			sourceTree = "<group>";
		};
		DF6E287D24B32B1700C6EDE2 /* App */ = {
			isa = PBXGroup;
			children = (
				DF6E284A24B32ACF00C6EDE2 /* AppDelegate.swift */,
				DF6E284C24B32ACF00C6EDE2 /* SceneDelegate.swift */,
				DF6E287E24B32B8000C6EDE2 /* Scenes */,
				DF6E288024B32B9100C6EDE2 /* Extensions */,
				DF6E287F24B32B8900C6EDE2 /* Resources */,
			);
			path = App;
			sourceTree = "<group>";
		};
		DF6E287E24B32B8000C6EDE2 /* Scenes */ = {
			isa = PBXGroup;
			children = (
				DF6E288224B32C0900C6EDE2 /* RandomUserList */,
				DF6E288124B32C0600C6EDE2 /* RandomUserDetail */,
			);
			path = Scenes;
			sourceTree = "<group>";
		};
		DF6E287F24B32B8900C6EDE2 /* Resources */ = {
			isa = PBXGroup;
			children = (
				DF6E285624B32AD000C6EDE2 /* Assets.xcassets */,
				DF6E285024B32ACF00C6EDE2 /* Main.storyboard */,
				DF6E285824B32AD000C6EDE2 /* LaunchScreen.storyboard */,
				DF6E285B24B32AD000C6EDE2 /* Info.plist */,
			);
			path = Resources;
			sourceTree = "<group>";
		};
		DF6E288024B32B9100C6EDE2 /* Extensions */ = {
			isa = PBXGroup;
			children = (
			);
			path = Extensions;
			sourceTree = "<group>";
		};
		DF6E288124B32C0600C6EDE2 /* RandomUserDetail */ = {
			isa = PBXGroup;
			children = (
			);
			path = RandomUserDetail;
			sourceTree = "<group>";
		};
		DF6E288224B32C0900C6EDE2 /* RandomUserList */ = {
			isa = PBXGroup;
			children = (
				DF6E284E24B32ACF00C6EDE2 /* RandomUserListViewController.swift */,
			);
			path = RandomUserList;
			sourceTree = "<group>";
		};
		DF82DB2624B35219002B2BE6 /* Extensions */ = {
			isa = PBXGroup;
			children = (
				DF82DB2724B3522E002B2BE6 /* Observable+Extensions.swift */,
			);
			path = Extensions;
			sourceTree = "<group>";
		};
/* End PBXGroup section */

/* Begin PBXNativeTarget section */
		DF6E284624B32ACF00C6EDE2 /* RandomUserChallenge */ = {
			isa = PBXNativeTarget;
			buildConfigurationList = DF6E287424B32AD000C6EDE2 /* Build configuration list for PBXNativeTarget "RandomUserChallenge" */;
			buildPhases = (
				DF6E284324B32ACF00C6EDE2 /* Sources */,
				DF6E284424B32ACF00C6EDE2 /* Frameworks */,
				DF6E284524B32ACF00C6EDE2 /* Resources */,
			);
			buildRules = (
			);
			dependencies = (
			);
			name = RandomUserChallenge;
			packageProductDependencies = (
				DF82DB1E24B34C42002B2BE6 /* RxSwift */,
			);
			productName = RandomUserChallenge;
			productReference = DF6E284724B32ACF00C6EDE2 /* RandomUserChallenge.app */;
			productType = "com.apple.product-type.application";
		};
		DF6E285F24B32AD000C6EDE2 /* RandomUserChallengeTests */ = {
			isa = PBXNativeTarget;
			buildConfigurationList = DF6E287724B32AD000C6EDE2 /* Build configuration list for PBXNativeTarget "RandomUserChallengeTests" */;
			buildPhases = (
				DF6E285C24B32AD000C6EDE2 /* Sources */,
				DF6E285D24B32AD000C6EDE2 /* Frameworks */,
				DF6E285E24B32AD000C6EDE2 /* Resources */,
			);
			buildRules = (
			);
			dependencies = (
				DF6E286224B32AD000C6EDE2 /* PBXTargetDependency */,
			);
			name = RandomUserChallengeTests;
			productName = RandomUserChallengeTests;
			productReference = DF6E286024B32AD000C6EDE2 /* RandomUserChallengeTests.xctest */;
			productType = "com.apple.product-type.bundle.unit-test";
		};
		DF6E286A24B32AD000C6EDE2 /* RandomUserChallengeUITests */ = {
			isa = PBXNativeTarget;
			buildConfigurationList = DF6E287A24B32AD000C6EDE2 /* Build configuration list for PBXNativeTarget "RandomUserChallengeUITests" */;
			buildPhases = (
				DF6E286724B32AD000C6EDE2 /* Sources */,
				DF6E286824B32AD000C6EDE2 /* Frameworks */,
				DF6E286924B32AD000C6EDE2 /* Resources */,
			);
			buildRules = (
			);
			dependencies = (
				DF6E286D24B32AD000C6EDE2 /* PBXTargetDependency */,
			);
			name = RandomUserChallengeUITests;
			productName = RandomUserChallengeUITests;
			productReference = DF6E286B24B32AD000C6EDE2 /* RandomUserChallengeUITests.xctest */;
			productType = "com.apple.product-type.bundle.ui-testing";
		};
/* End PBXNativeTarget section */

/* Begin PBXProject section */
		DF6E283F24B32ACF00C6EDE2 /* Project object */ = {
			isa = PBXProject;
			attributes = {
				LastSwiftUpdateCheck = 1150;
				LastUpgradeCheck = 1150;
				ORGANIZATIONNAME = "Juanjo Corbalán";
				TargetAttributes = {
					DF6E284624B32ACF00C6EDE2 = {
						CreatedOnToolsVersion = 11.5;
					};
					DF6E285F24B32AD000C6EDE2 = {
						CreatedOnToolsVersion = 11.5;
						TestTargetID = DF6E284624B32ACF00C6EDE2;
					};
					DF6E286A24B32AD000C6EDE2 = {
						CreatedOnToolsVersion = 11.5;
						TestTargetID = DF6E284624B32ACF00C6EDE2;
					};
				};
			};
			buildConfigurationList = DF6E284224B32ACF00C6EDE2 /* Build configuration list for PBXProject "RandomUserChallenge" */;
			compatibilityVersion = "Xcode 9.3";
			developmentRegion = en;
			hasScannedForEncodings = 0;
			knownRegions = (
				en,
				Base,
			);
			mainGroup = DF6E283E24B32ACF00C6EDE2;
			packageReferences = (
				DF82DB1D24B34C42002B2BE6 /* XCRemoteSwiftPackageReference "RxSwift" */,
			);
			productRefGroup = DF6E284824B32ACF00C6EDE2 /* Products */;
			projectDirPath = "";
			projectRoot = "";
			targets = (
				DF6E284624B32ACF00C6EDE2 /* RandomUserChallenge */,
				DF6E285F24B32AD000C6EDE2 /* RandomUserChallengeTests */,
				DF6E286A24B32AD000C6EDE2 /* RandomUserChallengeUITests */,
			);
		};
/* End PBXProject section */

/* Begin PBXResourcesBuildPhase section */
		DF6E284524B32ACF00C6EDE2 /* Resources */ = {
			isa = PBXResourcesBuildPhase;
			buildActionMask = 2147483647;
			files = (
				DF6E285A24B32AD000C6EDE2 /* LaunchScreen.storyboard in Resources */,
				DF6E285724B32AD000C6EDE2 /* Assets.xcassets in Resources */,
				DF6E285224B32ACF00C6EDE2 /* Main.storyboard in Resources */,
			);
			runOnlyForDeploymentPostprocessing = 0;
		};
		DF6E285E24B32AD000C6EDE2 /* Resources */ = {
			isa = PBXResourcesBuildPhase;
			buildActionMask = 2147483647;
			files = (
			);
			runOnlyForDeploymentPostprocessing = 0;
		};
		DF6E286924B32AD000C6EDE2 /* Resources */ = {
			isa = PBXResourcesBuildPhase;
			buildActionMask = 2147483647;
			files = (
			);
			runOnlyForDeploymentPostprocessing = 0;
		};
/* End PBXResourcesBuildPhase section */

/* Begin PBXSourcesBuildPhase section */
		DF6E284324B32ACF00C6EDE2 /* Sources */ = {
			isa = PBXSourcesBuildPhase;
			buildActionMask = 2147483647;
			files = (
				DF82DB2824B3522E002B2BE6 /* Observable+Extensions.swift in Sources */,
				DF03F9F024B32ED000F5444C /* CoreDataStack.swift in Sources */,
				DF82DB2C24B35674002B2BE6 /* RandomUserCacheDataSource.swift in Sources */,
				DFD3270C24B35C9200D4C82A /* RandomUserRepository.swift in Sources */,
				DF82DB2524B350D5002B2BE6 /* CoreDataClient.swift in Sources */,
				DFD3270E24B361A700D4C82A /* GetUsersUseCase.swift in Sources */,
				DF03F9FC24B3326100F5444C /* RandomUserDTO.swift in Sources */,
				DF03F9FA24B3320500F5444C /* Convertible.swift in Sources */,
				DF82DB2124B34D76002B2BE6 /* APIClient.swift in Sources */,
				DFD3271024B361B400D4C82A /* DeleteUserUseCase.swift in Sources */,
				DF82DB2E24B3572A002B2BE6 /* Constants.swift in Sources */,
				DFD3270A24B35BFF00D4C82A /* RandomUserRepositoryType.swift in Sources */,
				DF6E284F24B32ACF00C6EDE2 /* RandomUserListViewController.swift in Sources */,
				DF6E284B24B32ACF00C6EDE2 /* AppDelegate.swift in Sources */,
				DF6E285524B32ACF00C6EDE2 /* RandomUserChallenge.xcdatamodeld in Sources */,
				DF6E284D24B32ACF00C6EDE2 /* SceneDelegate.swift in Sources */,
				DF82DB2324B350A4002B2BE6 /* CacheClientType.swift in Sources */,
				DF82DB2A24B35664002B2BE6 /* RandomUserAPIDataSource.swift in Sources */,
				DF03F9F324B330EC00F5444C /* RandomUser.swift in Sources */,
				DF03F9F824B331ED00F5444C /* CDRandomUser.swift in Sources */,
			);
			runOnlyForDeploymentPostprocessing = 0;
		};
		DF6E285C24B32AD000C6EDE2 /* Sources */ = {
			isa = PBXSourcesBuildPhase;
			buildActionMask = 2147483647;
			files = (
				DF6E286524B32AD000C6EDE2 /* RandomUserChallengeTests.swift in Sources */,
			);
			runOnlyForDeploymentPostprocessing = 0;
		};
		DF6E286724B32AD000C6EDE2 /* Sources */ = {
			isa = PBXSourcesBuildPhase;
			buildActionMask = 2147483647;
			files = (
				DF6E287024B32AD000C6EDE2 /* RandomUserChallengeUITests.swift in Sources */,
			);
			runOnlyForDeploymentPostprocessing = 0;
		};
/* End PBXSourcesBuildPhase section */

/* Begin PBXTargetDependency section */
		DF6E286224B32AD000C6EDE2 /* PBXTargetDependency */ = {
			isa = PBXTargetDependency;
			target = DF6E284624B32ACF00C6EDE2 /* RandomUserChallenge */;
			targetProxy = DF6E286124B32AD000C6EDE2 /* PBXContainerItemProxy */;
		};
		DF6E286D24B32AD000C6EDE2 /* PBXTargetDependency */ = {
			isa = PBXTargetDependency;
			target = DF6E284624B32ACF00C6EDE2 /* RandomUserChallenge */;
			targetProxy = DF6E286C24B32AD000C6EDE2 /* PBXContainerItemProxy */;
		};
/* End PBXTargetDependency section */

/* Begin PBXVariantGroup section */
		DF6E285024B32ACF00C6EDE2 /* Main.storyboard */ = {
			isa = PBXVariantGroup;
			children = (
				DF6E285124B32ACF00C6EDE2 /* Base */,
			);
			name = Main.storyboard;
			sourceTree = "<group>";
		};
		DF6E285824B32AD000C6EDE2 /* LaunchScreen.storyboard */ = {
			isa = PBXVariantGroup;
			children = (
				DF6E285924B32AD000C6EDE2 /* Base */,
			);
			name = LaunchScreen.storyboard;
			sourceTree = "<group>";
		};
/* End PBXVariantGroup section */

/* Begin XCBuildConfiguration section */
		DF6E287224B32AD000C6EDE2 /* Debug */ = {
			isa = XCBuildConfiguration;
			buildSettings = {
				ALWAYS_SEARCH_USER_PATHS = NO;
				CLANG_ANALYZER_NONNULL = YES;
				CLANG_ANALYZER_NUMBER_OBJECT_CONVERSION = YES_AGGRESSIVE;
				CLANG_CXX_LANGUAGE_STANDARD = "gnu++14";
				CLANG_CXX_LIBRARY = "libc++";
				CLANG_ENABLE_MODULES = YES;
				CLANG_ENABLE_OBJC_ARC = YES;
				CLANG_ENABLE_OBJC_WEAK = YES;
				CLANG_WARN_BLOCK_CAPTURE_AUTORELEASING = YES;
				CLANG_WARN_BOOL_CONVERSION = YES;
				CLANG_WARN_COMMA = YES;
				CLANG_WARN_CONSTANT_CONVERSION = YES;
				CLANG_WARN_DEPRECATED_OBJC_IMPLEMENTATIONS = YES;
				CLANG_WARN_DIRECT_OBJC_ISA_USAGE = YES_ERROR;
				CLANG_WARN_DOCUMENTATION_COMMENTS = YES;
				CLANG_WARN_EMPTY_BODY = YES;
				CLANG_WARN_ENUM_CONVERSION = YES;
				CLANG_WARN_INFINITE_RECURSION = YES;
				CLANG_WARN_INT_CONVERSION = YES;
				CLANG_WARN_NON_LITERAL_NULL_CONVERSION = YES;
				CLANG_WARN_OBJC_IMPLICIT_RETAIN_SELF = YES;
				CLANG_WARN_OBJC_LITERAL_CONVERSION = YES;
				CLANG_WARN_OBJC_ROOT_CLASS = YES_ERROR;
				CLANG_WARN_RANGE_LOOP_ANALYSIS = YES;
				CLANG_WARN_STRICT_PROTOTYPES = YES;
				CLANG_WARN_SUSPICIOUS_MOVE = YES;
				CLANG_WARN_UNGUARDED_AVAILABILITY = YES_AGGRESSIVE;
				CLANG_WARN_UNREACHABLE_CODE = YES;
				CLANG_WARN__DUPLICATE_METHOD_MATCH = YES;
				COPY_PHASE_STRIP = NO;
				DEBUG_INFORMATION_FORMAT = dwarf;
				ENABLE_STRICT_OBJC_MSGSEND = YES;
				ENABLE_TESTABILITY = YES;
				GCC_C_LANGUAGE_STANDARD = gnu11;
				GCC_DYNAMIC_NO_PIC = NO;
				GCC_NO_COMMON_BLOCKS = YES;
				GCC_OPTIMIZATION_LEVEL = 0;
				GCC_PREPROCESSOR_DEFINITIONS = (
					"DEBUG=1",
					"$(inherited)",
				);
				GCC_WARN_64_TO_32_BIT_CONVERSION = YES;
				GCC_WARN_ABOUT_RETURN_TYPE = YES_ERROR;
				GCC_WARN_UNDECLARED_SELECTOR = YES;
				GCC_WARN_UNINITIALIZED_AUTOS = YES_AGGRESSIVE;
				GCC_WARN_UNUSED_FUNCTION = YES;
				GCC_WARN_UNUSED_VARIABLE = YES;
				IPHONEOS_DEPLOYMENT_TARGET = 13.0;
				MTL_ENABLE_DEBUG_INFO = INCLUDE_SOURCE;
				MTL_FAST_MATH = YES;
				ONLY_ACTIVE_ARCH = YES;
				SDKROOT = iphoneos;
				SWIFT_ACTIVE_COMPILATION_CONDITIONS = DEBUG;
				SWIFT_OPTIMIZATION_LEVEL = "-Onone";
			};
			name = Debug;
		};
		DF6E287324B32AD000C6EDE2 /* Release */ = {
			isa = XCBuildConfiguration;
			buildSettings = {
				ALWAYS_SEARCH_USER_PATHS = NO;
				CLANG_ANALYZER_NONNULL = YES;
				CLANG_ANALYZER_NUMBER_OBJECT_CONVERSION = YES_AGGRESSIVE;
				CLANG_CXX_LANGUAGE_STANDARD = "gnu++14";
				CLANG_CXX_LIBRARY = "libc++";
				CLANG_ENABLE_MODULES = YES;
				CLANG_ENABLE_OBJC_ARC = YES;
				CLANG_ENABLE_OBJC_WEAK = YES;
				CLANG_WARN_BLOCK_CAPTURE_AUTORELEASING = YES;
				CLANG_WARN_BOOL_CONVERSION = YES;
				CLANG_WARN_COMMA = YES;
				CLANG_WARN_CONSTANT_CONVERSION = YES;
				CLANG_WARN_DEPRECATED_OBJC_IMPLEMENTATIONS = YES;
				CLANG_WARN_DIRECT_OBJC_ISA_USAGE = YES_ERROR;
				CLANG_WARN_DOCUMENTATION_COMMENTS = YES;
				CLANG_WARN_EMPTY_BODY = YES;
				CLANG_WARN_ENUM_CONVERSION = YES;
				CLANG_WARN_INFINITE_RECURSION = YES;
				CLANG_WARN_INT_CONVERSION = YES;
				CLANG_WARN_NON_LITERAL_NULL_CONVERSION = YES;
				CLANG_WARN_OBJC_IMPLICIT_RETAIN_SELF = YES;
				CLANG_WARN_OBJC_LITERAL_CONVERSION = YES;
				CLANG_WARN_OBJC_ROOT_CLASS = YES_ERROR;
				CLANG_WARN_RANGE_LOOP_ANALYSIS = YES;
				CLANG_WARN_STRICT_PROTOTYPES = YES;
				CLANG_WARN_SUSPICIOUS_MOVE = YES;
				CLANG_WARN_UNGUARDED_AVAILABILITY = YES_AGGRESSIVE;
				CLANG_WARN_UNREACHABLE_CODE = YES;
				CLANG_WARN__DUPLICATE_METHOD_MATCH = YES;
				COPY_PHASE_STRIP = NO;
				DEBUG_INFORMATION_FORMAT = "dwarf-with-dsym";
				ENABLE_NS_ASSERTIONS = NO;
				ENABLE_STRICT_OBJC_MSGSEND = YES;
				GCC_C_LANGUAGE_STANDARD = gnu11;
				GCC_NO_COMMON_BLOCKS = YES;
				GCC_WARN_64_TO_32_BIT_CONVERSION = YES;
				GCC_WARN_ABOUT_RETURN_TYPE = YES_ERROR;
				GCC_WARN_UNDECLARED_SELECTOR = YES;
				GCC_WARN_UNINITIALIZED_AUTOS = YES_AGGRESSIVE;
				GCC_WARN_UNUSED_FUNCTION = YES;
				GCC_WARN_UNUSED_VARIABLE = YES;
				IPHONEOS_DEPLOYMENT_TARGET = 13.0;
				MTL_ENABLE_DEBUG_INFO = NO;
				MTL_FAST_MATH = YES;
				SDKROOT = iphoneos;
				SWIFT_COMPILATION_MODE = wholemodule;
				SWIFT_OPTIMIZATION_LEVEL = "-O";
				VALIDATE_PRODUCT = YES;
			};
			name = Release;
		};
		DF6E287524B32AD000C6EDE2 /* Debug */ = {
			isa = XCBuildConfiguration;
			buildSettings = {
				ASSETCATALOG_COMPILER_APPICON_NAME = AppIcon;
				CODE_SIGN_STYLE = Automatic;
				DEVELOPMENT_TEAM = 3P3D5394KZ;
				INFOPLIST_FILE = "$(SRCROOT)/RandomUserChallenge/App/Resources/Info.plist";
				LD_RUNPATH_SEARCH_PATHS = (
					"$(inherited)",
					"@executable_path/Frameworks",
				);
				PRODUCT_BUNDLE_IDENTIFIER = com.juanjocorbalan.RandomUserChallenge;
				PRODUCT_NAME = "$(TARGET_NAME)";
				SWIFT_VERSION = 5.0;
				TARGETED_DEVICE_FAMILY = 1;
			};
			name = Debug;
		};
		DF6E287624B32AD000C6EDE2 /* Release */ = {
			isa = XCBuildConfiguration;
			buildSettings = {
				ASSETCATALOG_COMPILER_APPICON_NAME = AppIcon;
				CODE_SIGN_STYLE = Automatic;
				DEVELOPMENT_TEAM = 3P3D5394KZ;
				INFOPLIST_FILE = "$(SRCROOT)/RandomUserChallenge/App/Resources/Info.plist";
				LD_RUNPATH_SEARCH_PATHS = (
					"$(inherited)",
					"@executable_path/Frameworks",
				);
				PRODUCT_BUNDLE_IDENTIFIER = com.juanjocorbalan.RandomUserChallenge;
				PRODUCT_NAME = "$(TARGET_NAME)";
				SWIFT_VERSION = 5.0;
				TARGETED_DEVICE_FAMILY = 1;
			};
			name = Release;
		};
		DF6E287824B32AD000C6EDE2 /* Debug */ = {
			isa = XCBuildConfiguration;
			buildSettings = {
				ALWAYS_EMBED_SWIFT_STANDARD_LIBRARIES = YES;
				BUNDLE_LOADER = "$(TEST_HOST)";
				CODE_SIGN_STYLE = Automatic;
				DEVELOPMENT_TEAM = 3P3D5394KZ;
				INFOPLIST_FILE = RandomUserChallengeTests/Info.plist;
				IPHONEOS_DEPLOYMENT_TARGET = 13.5;
				LD_RUNPATH_SEARCH_PATHS = (
					"$(inherited)",
					"@executable_path/Frameworks",
					"@loader_path/Frameworks",
				);
				PRODUCT_BUNDLE_IDENTIFIER = com.juanjocorbalan.RandomUserChallengeTests;
				PRODUCT_NAME = "$(TARGET_NAME)";
				SWIFT_VERSION = 5.0;
				TARGETED_DEVICE_FAMILY = "1,2";
				TEST_HOST = "$(BUILT_PRODUCTS_DIR)/RandomUserChallenge.app/RandomUserChallenge";
			};
			name = Debug;
		};
		DF6E287924B32AD000C6EDE2 /* Release */ = {
			isa = XCBuildConfiguration;
			buildSettings = {
				ALWAYS_EMBED_SWIFT_STANDARD_LIBRARIES = YES;
				BUNDLE_LOADER = "$(TEST_HOST)";
				CODE_SIGN_STYLE = Automatic;
				DEVELOPMENT_TEAM = 3P3D5394KZ;
				INFOPLIST_FILE = RandomUserChallengeTests/Info.plist;
				IPHONEOS_DEPLOYMENT_TARGET = 13.5;
				LD_RUNPATH_SEARCH_PATHS = (
					"$(inherited)",
					"@executable_path/Frameworks",
					"@loader_path/Frameworks",
				);
				PRODUCT_BUNDLE_IDENTIFIER = com.juanjocorbalan.RandomUserChallengeTests;
				PRODUCT_NAME = "$(TARGET_NAME)";
				SWIFT_VERSION = 5.0;
				TARGETED_DEVICE_FAMILY = "1,2";
				TEST_HOST = "$(BUILT_PRODUCTS_DIR)/RandomUserChallenge.app/RandomUserChallenge";
			};
			name = Release;
		};
		DF6E287B24B32AD000C6EDE2 /* Debug */ = {
			isa = XCBuildConfiguration;
			buildSettings = {
				ALWAYS_EMBED_SWIFT_STANDARD_LIBRARIES = YES;
				CODE_SIGN_STYLE = Automatic;
				DEVELOPMENT_TEAM = 3P3D5394KZ;
				INFOPLIST_FILE = RandomUserChallengeUITests/Info.plist;
				LD_RUNPATH_SEARCH_PATHS = (
					"$(inherited)",
					"@executable_path/Frameworks",
					"@loader_path/Frameworks",
				);
				PRODUCT_BUNDLE_IDENTIFIER = com.juanjocorbalan.RandomUserChallengeUITests;
				PRODUCT_NAME = "$(TARGET_NAME)";
				SWIFT_VERSION = 5.0;
				TARGETED_DEVICE_FAMILY = "1,2";
				TEST_TARGET_NAME = RandomUserChallenge;
			};
			name = Debug;
		};
		DF6E287C24B32AD000C6EDE2 /* Release */ = {
			isa = XCBuildConfiguration;
			buildSettings = {
				ALWAYS_EMBED_SWIFT_STANDARD_LIBRARIES = YES;
				CODE_SIGN_STYLE = Automatic;
				DEVELOPMENT_TEAM = 3P3D5394KZ;
				INFOPLIST_FILE = RandomUserChallengeUITests/Info.plist;
				LD_RUNPATH_SEARCH_PATHS = (
					"$(inherited)",
					"@executable_path/Frameworks",
					"@loader_path/Frameworks",
				);
				PRODUCT_BUNDLE_IDENTIFIER = com.juanjocorbalan.RandomUserChallengeUITests;
				PRODUCT_NAME = "$(TARGET_NAME)";
				SWIFT_VERSION = 5.0;
				TARGETED_DEVICE_FAMILY = "1,2";
				TEST_TARGET_NAME = RandomUserChallenge;
			};
			name = Release;
		};
/* End XCBuildConfiguration section */

/* Begin XCConfigurationList section */
		DF6E284224B32ACF00C6EDE2 /* Build configuration list for PBXProject "RandomUserChallenge" */ = {
			isa = XCConfigurationList;
			buildConfigurations = (
				DF6E287224B32AD000C6EDE2 /* Debug */,
				DF6E287324B32AD000C6EDE2 /* Release */,
			);
			defaultConfigurationIsVisible = 0;
			defaultConfigurationName = Release;
		};
		DF6E287424B32AD000C6EDE2 /* Build configuration list for PBXNativeTarget "RandomUserChallenge" */ = {
			isa = XCConfigurationList;
			buildConfigurations = (
				DF6E287524B32AD000C6EDE2 /* Debug */,
				DF6E287624B32AD000C6EDE2 /* Release */,
			);
			defaultConfigurationIsVisible = 0;
			defaultConfigurationName = Release;
		};
		DF6E287724B32AD000C6EDE2 /* Build configuration list for PBXNativeTarget "RandomUserChallengeTests" */ = {
			isa = XCConfigurationList;
			buildConfigurations = (
				DF6E287824B32AD000C6EDE2 /* Debug */,
				DF6E287924B32AD000C6EDE2 /* Release */,
			);
			defaultConfigurationIsVisible = 0;
			defaultConfigurationName = Release;
		};
		DF6E287A24B32AD000C6EDE2 /* Build configuration list for PBXNativeTarget "RandomUserChallengeUITests" */ = {
			isa = XCConfigurationList;
			buildConfigurations = (
				DF6E287B24B32AD000C6EDE2 /* Debug */,
				DF6E287C24B32AD000C6EDE2 /* Release */,
			);
			defaultConfigurationIsVisible = 0;
			defaultConfigurationName = Release;
		};
/* End XCConfigurationList section */

/* Begin XCRemoteSwiftPackageReference section */
		DF82DB1D24B34C42002B2BE6 /* XCRemoteSwiftPackageReference "RxSwift" */ = {
			isa = XCRemoteSwiftPackageReference;
			repositoryURL = "https://github.com/ReactiveX/RxSwift.git";
			requirement = {
				kind = upToNextMajorVersion;
				minimumVersion = 5.1.1;
			};
		};
/* End XCRemoteSwiftPackageReference section */

/* Begin XCSwiftPackageProductDependency section */
		DF82DB1E24B34C42002B2BE6 /* RxSwift */ = {
			isa = XCSwiftPackageProductDependency;
			package = DF82DB1D24B34C42002B2BE6 /* XCRemoteSwiftPackageReference "RxSwift" */;
			productName = RxSwift;
		};
/* End XCSwiftPackageProductDependency section */

/* Begin XCVersionGroup section */
		DF6E285324B32ACF00C6EDE2 /* RandomUserChallenge.xcdatamodeld */ = {
			isa = XCVersionGroup;
			children = (
				DF6E285424B32ACF00C6EDE2 /* RandomUserChallenge.xcdatamodel */,
			);
			currentVersion = DF6E285424B32ACF00C6EDE2 /* RandomUserChallenge.xcdatamodel */;
			path = RandomUserChallenge.xcdatamodeld;
			sourceTree = "<group>";
			versionGroupType = wrapper.xcdatamodel;
		};
/* End XCVersionGroup section */
	};
	rootObject = DF6E283F24B32ACF00C6EDE2 /* Project object */;
}
